// !$*UTF8*$!
{
	archiveVersion = 1;
	classes = {
	};
	objectVersion = 46;
	objects = {

/* Begin PBXBuildFile section */
		904501B41837A2490034A6B1 /* PlayingCardGameViewController.m in Sources */ = {isa = PBXBuildFile; fileRef = 904501B31837A2490034A6B1 /* PlayingCardGameViewController.m */; };
		904A84F9182971370065C691 /* Foundation.framework in Frameworks */ = {isa = PBXBuildFile; fileRef = 904A84F8182971370065C691 /* Foundation.framework */; };
		904A84FB182971370065C691 /* CoreGraphics.framework in Frameworks */ = {isa = PBXBuildFile; fileRef = 904A84FA182971370065C691 /* CoreGraphics.framework */; };
		904A84FD182971370065C691 /* UIKit.framework in Frameworks */ = {isa = PBXBuildFile; fileRef = 904A84FC182971370065C691 /* UIKit.framework */; };
		904A8503182971370065C691 /* InfoPlist.strings in Resources */ = {isa = PBXBuildFile; fileRef = 904A8501182971370065C691 /* InfoPlist.strings */; };
		904A8505182971370065C691 /* main.m in Sources */ = {isa = PBXBuildFile; fileRef = 904A8504182971370065C691 /* main.m */; };
		904A8509182971370065C691 /* CardGameAppDelegate.m in Sources */ = {isa = PBXBuildFile; fileRef = 904A8508182971370065C691 /* CardGameAppDelegate.m */; };
		904A850C182971370065C691 /* Main.storyboard in Resources */ = {isa = PBXBuildFile; fileRef = 904A850A182971370065C691 /* Main.storyboard */; };
		904A850F182971370065C691 /* CardGameViewController.m in Sources */ = {isa = PBXBuildFile; fileRef = 904A850E182971370065C691 /* CardGameViewController.m */; };
		904A8511182971370065C691 /* Images.xcassets in Resources */ = {isa = PBXBuildFile; fileRef = 904A8510182971370065C691 /* Images.xcassets */; };
		904A8518182971370065C691 /* XCTest.framework in Frameworks */ = {isa = PBXBuildFile; fileRef = 904A8517182971370065C691 /* XCTest.framework */; };
		904A8519182971370065C691 /* Foundation.framework in Frameworks */ = {isa = PBXBuildFile; fileRef = 904A84F8182971370065C691 /* Foundation.framework */; };
		904A851A182971370065C691 /* UIKit.framework in Frameworks */ = {isa = PBXBuildFile; fileRef = 904A84FC182971370065C691 /* UIKit.framework */; };
		904A8522182971370065C691 /* InfoPlist.strings in Resources */ = {isa = PBXBuildFile; fileRef = 904A8520182971370065C691 /* InfoPlist.strings */; };
		904A8524182971370065C691 /* MatchismoTests.m in Sources */ = {isa = PBXBuildFile; fileRef = 904A8523182971370065C691 /* MatchismoTests.m */; };
		904A852F182983A10065C691 /* Card.m in Sources */ = {isa = PBXBuildFile; fileRef = 904A852E182983A10065C691 /* Card.m */; };
		904A853318298C800065C691 /* Deck.m in Sources */ = {isa = PBXBuildFile; fileRef = 904A853218298C800065C691 /* Deck.m */; };
		904A8539182990900065C691 /* PlayingCard.m in Sources */ = {isa = PBXBuildFile; fileRef = 904A8538182990900065C691 /* PlayingCard.m */; };
		904A853C182997770065C691 /* PlayingCardDeck.m in Sources */ = {isa = PBXBuildFile; fileRef = 904A853B182997770065C691 /* PlayingCardDeck.m */; };
		904A853F1829A8FE0065C691 /* CardMatchingGame.m in Sources */ = {isa = PBXBuildFile; fileRef = 904A853E1829A8FE0065C691 /* CardMatchingGame.m */; };
/* End PBXBuildFile section */

/* Begin PBXContainerItemProxy section */
		904A851B182971370065C691 /* PBXContainerItemProxy */ = {
			isa = PBXContainerItemProxy;
			containerPortal = 904A84ED182971370065C691 /* Project object */;
			proxyType = 1;
			remoteGlobalIDString = 904A84F4182971370065C691;
			remoteInfo = Matchismo;
		};
/* End PBXContainerItemProxy section */

/* Begin PBXFileReference section */
		904501B21837A2490034A6B1 /* PlayingCardGameViewController.h */ = {isa = PBXFileReference; fileEncoding = 4; lastKnownFileType = sourcecode.c.h; path = PlayingCardGameViewController.h; sourceTree = "<group>"; };
		904501B31837A2490034A6B1 /* PlayingCardGameViewController.m */ = {isa = PBXFileReference; fileEncoding = 4; lastKnownFileType = sourcecode.c.objc; path = PlayingCardGameViewController.m; sourceTree = "<group>"; };
		904A84F5182971370065C691 /* Matchismo.app */ = {isa = PBXFileReference; explicitFileType = wrapper.application; includeInIndex = 0; path = Matchismo.app; sourceTree = BUILT_PRODUCTS_DIR; };
		904A84F8182971370065C691 /* Foundation.framework */ = {isa = PBXFileReference; lastKnownFileType = wrapper.framework; name = Foundation.framework; path = System/Library/Frameworks/Foundation.framework; sourceTree = SDKROOT; };
		904A84FA182971370065C691 /* CoreGraphics.framework */ = {isa = PBXFileReference; lastKnownFileType = wrapper.framework; name = CoreGraphics.framework; path = System/Library/Frameworks/CoreGraphics.framework; sourceTree = SDKROOT; };
		904A84FC182971370065C691 /* UIKit.framework */ = {isa = PBXFileReference; lastKnownFileType = wrapper.framework; name = UIKit.framework; path = System/Library/Frameworks/UIKit.framework; sourceTree = SDKROOT; };
		904A8500182971370065C691 /* Matchismo-Info.plist */ = {isa = PBXFileReference; lastKnownFileType = text.plist.xml; path = "Matchismo-Info.plist"; sourceTree = "<group>"; };
		904A8502182971370065C691 /* en */ = {isa = PBXFileReference; lastKnownFileType = text.plist.strings; name = en; path = en.lproj/InfoPlist.strings; sourceTree = "<group>"; };
		904A8504182971370065C691 /* main.m */ = {isa = PBXFileReference; lastKnownFileType = sourcecode.c.objc; path = main.m; sourceTree = "<group>"; };
		904A8506182971370065C691 /* Matchismo-Prefix.pch */ = {isa = PBXFileReference; lastKnownFileType = sourcecode.c.h; path = "Matchismo-Prefix.pch"; sourceTree = "<group>"; };
		904A8507182971370065C691 /* CardGameAppDelegate.h */ = {isa = PBXFileReference; lastKnownFileType = sourcecode.c.h; path = CardGameAppDelegate.h; sourceTree = "<group>"; };
		904A8508182971370065C691 /* CardGameAppDelegate.m */ = {isa = PBXFileReference; lastKnownFileType = sourcecode.c.objc; path = CardGameAppDelegate.m; sourceTree = "<group>"; };
		904A850B182971370065C691 /* Base */ = {isa = PBXFileReference; lastKnownFileType = file.storyboard; name = Base; path = Base.lproj/Main.storyboard; sourceTree = "<group>"; };
		904A850D182971370065C691 /* CardGameViewController.h */ = {isa = PBXFileReference; lastKnownFileType = sourcecode.c.h; path = CardGameViewController.h; sourceTree = "<group>"; };
		904A850E182971370065C691 /* CardGameViewController.m */ = {isa = PBXFileReference; lastKnownFileType = sourcecode.c.objc; path = CardGameViewController.m; sourceTree = "<group>"; };
		904A8510182971370065C691 /* Images.xcassets */ = {isa = PBXFileReference; lastKnownFileType = folder.assetcatalog; path = Images.xcassets; sourceTree = "<group>"; };
		904A8516182971370065C691 /* MatchismoTests.xctest */ = {isa = PBXFileReference; explicitFileType = wrapper.cfbundle; includeInIndex = 0; path = MatchismoTests.xctest; sourceTree = BUILT_PRODUCTS_DIR; };
		904A8517182971370065C691 /* XCTest.framework */ = {isa = PBXFileReference; lastKnownFileType = wrapper.framework; name = XCTest.framework; path = Library/Frameworks/XCTest.framework; sourceTree = DEVELOPER_DIR; };
		904A851F182971370065C691 /* MatchismoTests-Info.plist */ = {isa = PBXFileReference; lastKnownFileType = text.plist.xml; path = "MatchismoTests-Info.plist"; sourceTree = "<group>"; };
		904A8521182971370065C691 /* en */ = {isa = PBXFileReference; lastKnownFileType = text.plist.strings; name = en; path = en.lproj/InfoPlist.strings; sourceTree = "<group>"; };
		904A8523182971370065C691 /* MatchismoTests.m */ = {isa = PBXFileReference; lastKnownFileType = sourcecode.c.objc; path = MatchismoTests.m; sourceTree = "<group>"; };
		904A852D182983A10065C691 /* Card.h */ = {isa = PBXFileReference; fileEncoding = 4; lastKnownFileType = sourcecode.c.h; name = Card.h; path = Model/Card.h; sourceTree = "<group>"; };
		904A852E182983A10065C691 /* Card.m */ = {isa = PBXFileReference; fileEncoding = 4; lastKnownFileType = sourcecode.c.objc; name = Card.m; path = Model/Card.m; sourceTree = "<group>"; };
		904A853118298C800065C691 /* Deck.h */ = {isa = PBXFileReference; fileEncoding = 4; lastKnownFileType = sourcecode.c.h; name = Deck.h; path = Model/Deck.h; sourceTree = "<group>"; };
		904A853218298C800065C691 /* Deck.m */ = {isa = PBXFileReference; fileEncoding = 4; lastKnownFileType = sourcecode.c.objc; name = Deck.m; path = Model/Deck.m; sourceTree = "<group>"; };
		904A8537182990900065C691 /* PlayingCard.h */ = {isa = PBXFileReference; fileEncoding = 4; lastKnownFileType = sourcecode.c.h; name = PlayingCard.h; path = Model/PlayingCard.h; sourceTree = "<group>"; };
		904A8538182990900065C691 /* PlayingCard.m */ = {isa = PBXFileReference; fileEncoding = 4; lastKnownFileType = sourcecode.c.objc; name = PlayingCard.m; path = Model/PlayingCard.m; sourceTree = "<group>"; };
		904A853A182997770065C691 /* PlayingCardDeck.h */ = {isa = PBXFileReference; fileEncoding = 4; lastKnownFileType = sourcecode.c.h; name = PlayingCardDeck.h; path = Model/PlayingCardDeck.h; sourceTree = "<group>"; };
		904A853B182997770065C691 /* PlayingCardDeck.m */ = {isa = PBXFileReference; fileEncoding = 4; lastKnownFileType = sourcecode.c.objc; name = PlayingCardDeck.m; path = Model/PlayingCardDeck.m; sourceTree = "<group>"; };
		904A853D1829A8FE0065C691 /* CardMatchingGame.h */ = {isa = PBXFileReference; fileEncoding = 4; lastKnownFileType = sourcecode.c.h; name = CardMatchingGame.h; path = Model/CardMatchingGame.h; sourceTree = "<group>"; };
		904A853E1829A8FE0065C691 /* CardMatchingGame.m */ = {isa = PBXFileReference; fileEncoding = 4; lastKnownFileType = sourcecode.c.objc; name = CardMatchingGame.m; path = Model/CardMatchingGame.m; sourceTree = "<group>"; };
/* End PBXFileReference section */

/* Begin PBXFrameworksBuildPhase section */
		904A84F2182971370065C691 /* Frameworks */ = {
			isa = PBXFrameworksBuildPhase;
			buildActionMask = 2147483647;
			files = (
				904A84FB182971370065C691 /* CoreGraphics.framework in Frameworks */,
				904A84FD182971370065C691 /* UIKit.framework in Frameworks */,
				904A84F9182971370065C691 /* Foundation.framework in Frameworks */,
			);
			runOnlyForDeploymentPostprocessing = 0;
		};
		904A8513182971370065C691 /* Frameworks */ = {
			isa = PBXFrameworksBuildPhase;
			buildActionMask = 2147483647;
			files = (
				904A8518182971370065C691 /* XCTest.framework in Frameworks */,
				904A851A182971370065C691 /* UIKit.framework in Frameworks */,
				904A8519182971370065C691 /* Foundation.framework in Frameworks */,
			);
			runOnlyForDeploymentPostprocessing = 0;
		};
/* End PBXFrameworksBuildPhase section */

/* Begin PBXGroup section */
		904A84EC182971370065C691 = {
			isa = PBXGroup;
			children = (
				904A84FE182971370065C691 /* Matchismo */,
				904A851D182971370065C691 /* MatchismoTests */,
				904A84F7182971370065C691 /* Frameworks */,
				904A84F6182971370065C691 /* Products */,
			);
			sourceTree = "<group>";
		};
		904A84F6182971370065C691 /* Products */ = {
			isa = PBXGroup;
			children = (
				904A84F5182971370065C691 /* Matchismo.app */,
				904A8516182971370065C691 /* MatchismoTests.xctest */,
			);
			name = Products;
			sourceTree = "<group>";
		};
		904A84F7182971370065C691 /* Frameworks */ = {
			isa = PBXGroup;
			children = (
				904A84F8182971370065C691 /* Foundation.framework */,
				904A84FA182971370065C691 /* CoreGraphics.framework */,
				904A84FC182971370065C691 /* UIKit.framework */,
				904A8517182971370065C691 /* XCTest.framework */,
			);
			name = Frameworks;
			sourceTree = "<group>";
		};
		904A84FE182971370065C691 /* Matchismo */ = {
			isa = PBXGroup;
			children = (
				904A8507182971370065C691 /* CardGameAppDelegate.h */,
				904A8508182971370065C691 /* CardGameAppDelegate.m */,
				904A850A182971370065C691 /* Main.storyboard */,
				904A850D182971370065C691 /* CardGameViewController.h */,
				904A850E182971370065C691 /* CardGameViewController.m */,
				904501B21837A2490034A6B1 /* PlayingCardGameViewController.h */,
				904501B31837A2490034A6B1 /* PlayingCardGameViewController.m */,
				904A8530182983C10065C691 /* Model */,
				904A8510182971370065C691 /* Images.xcassets */,
				904A84FF182971370065C691 /* Supporting Files */,
			);
			path = Matchismo;
			sourceTree = "<group>";
		};
		904A84FF182971370065C691 /* Supporting Files */ = {
			isa = PBXGroup;
			children = (
				904A8500182971370065C691 /* Matchismo-Info.plist */,
				904A8501182971370065C691 /* InfoPlist.strings */,
				904A8504182971370065C691 /* main.m */,
				904A8506182971370065C691 /* Matchismo-Prefix.pch */,
			);
			name = "Supporting Files";
			sourceTree = "<group>";
		};
		904A851D182971370065C691 /* MatchismoTests */ = {
			isa = PBXGroup;
			children = (
				904A8523182971370065C691 /* MatchismoTests.m */,
				904A851E182971370065C691 /* Supporting Files */,
			);
			path = MatchismoTests;
			sourceTree = "<group>";
		};
		904A851E182971370065C691 /* Supporting Files */ = {
			isa = PBXGroup;
			children = (
				904A851F182971370065C691 /* MatchismoTests-Info.plist */,
				904A8520182971370065C691 /* InfoPlist.strings */,
			);
			name = "Supporting Files";
			sourceTree = "<group>";
		};
		904A8530182983C10065C691 /* Model */ = {
			isa = PBXGroup;
			children = (
				904A8537182990900065C691 /* PlayingCard.h */,
				904A8538182990900065C691 /* PlayingCard.m */,
				904A852D182983A10065C691 /* Card.h */,
				904A852E182983A10065C691 /* Card.m */,
				904A853118298C800065C691 /* Deck.h */,
				904A853218298C800065C691 /* Deck.m */,
				904A853A182997770065C691 /* PlayingCardDeck.h */,
				904A853B182997770065C691 /* PlayingCardDeck.m */,
				904A853D1829A8FE0065C691 /* CardMatchingGame.h */,
				904A853E1829A8FE0065C691 /* CardMatchingGame.m */,
			);
			name = Model;
			sourceTree = "<group>";
		};
/* End PBXGroup section */

/* Begin PBXNativeTarget section */
		904A84F4182971370065C691 /* Matchismo */ = {
			isa = PBXNativeTarget;
			buildConfigurationList = 904A8527182971370065C691 /* Build configuration list for PBXNativeTarget "Matchismo" */;
			buildPhases = (
				904A84F1182971370065C691 /* Sources */,
				904A84F2182971370065C691 /* Frameworks */,
				904A84F3182971370065C691 /* Resources */,
			);
			buildRules = (
			);
			dependencies = (
			);
			name = Matchismo;
			productName = Matchismo;
			productReference = 904A84F5182971370065C691 /* Matchismo.app */;
			productType = "com.apple.product-type.application";
		};
		904A8515182971370065C691 /* MatchismoTests */ = {
			isa = PBXNativeTarget;
			buildConfigurationList = 904A852A182971370065C691 /* Build configuration list for PBXNativeTarget "MatchismoTests" */;
			buildPhases = (
				904A8512182971370065C691 /* Sources */,
				904A8513182971370065C691 /* Frameworks */,
				904A8514182971370065C691 /* Resources */,
			);
			buildRules = (
			);
			dependencies = (
				904A851C182971370065C691 /* PBXTargetDependency */,
			);
			name = MatchismoTests;
			productName = MatchismoTests;
			productReference = 904A8516182971370065C691 /* MatchismoTests.xctest */;
			productType = "com.apple.product-type.bundle.unit-test";
		};
/* End PBXNativeTarget section */

/* Begin PBXProject section */
		904A84ED182971370065C691 /* Project object */ = {
			isa = PBXProject;
			attributes = {
				CLASSPREFIX = CardGame;
				LastUpgradeCheck = 0500;
				ORGANIZATIONNAME = MyCompany;
				TargetAttributes = {
					904A8515182971370065C691 = {
						TestTargetID = 904A84F4182971370065C691;
					};
				};
			};
			buildConfigurationList = 904A84F0182971370065C691 /* Build configuration list for PBXProject "Matchismo" */;
			compatibilityVersion = "Xcode 3.2";
			developmentRegion = English;
			hasScannedForEncodings = 0;
			knownRegions = (
				en,
				Base,
			);
			mainGroup = 904A84EC182971370065C691;
			productRefGroup = 904A84F6182971370065C691 /* Products */;
			projectDirPath = "";
			projectRoot = "";
			targets = (
				904A84F4182971370065C691 /* Matchismo */,
				904A8515182971370065C691 /* MatchismoTests */,
			);
		};
/* End PBXProject section */

/* Begin PBXResourcesBuildPhase section */
		904A84F3182971370065C691 /* Resources */ = {
			isa = PBXResourcesBuildPhase;
			buildActionMask = 2147483647;
			files = (
				904A8511182971370065C691 /* Images.xcassets in Resources */,
				904A8503182971370065C691 /* InfoPlist.strings in Resources */,
				904A850C182971370065C691 /* Main.storyboard in Resources */,
			);
			runOnlyForDeploymentPostprocessing = 0;
		};
		904A8514182971370065C691 /* Resources */ = {
			isa = PBXResourcesBuildPhase;
			buildActionMask = 2147483647;
			files = (
				904A8522182971370065C691 /* InfoPlist.strings in Resources */,
			);
			runOnlyForDeploymentPostprocessing = 0;
		};
/* End PBXResourcesBuildPhase section */

/* Begin PBXSourcesBuildPhase section */
		904A84F1182971370065C691 /* Sources */ = {
			isa = PBXSourcesBuildPhase;
			buildActionMask = 2147483647;
			files = (
				904A8539182990900065C691 /* PlayingCard.m in Sources */,
				904A853318298C800065C691 /* Deck.m in Sources */,
				904A8509182971370065C691 /* CardGameAppDelegate.m in Sources */,
				904A850F182971370065C691 /* CardGameViewController.m in Sources */,
				904A853F1829A8FE0065C691 /* CardMatchingGame.m in Sources */,
				904A853C182997770065C691 /* PlayingCardDeck.m in Sources */,
				904A8505182971370065C691 /* main.m in Sources */,
				904A852F182983A10065C691 /* Card.m in Sources */,
				904501B41837A2490034A6B1 /* PlayingCardGameViewController.m in Sources */,
			);
			runOnlyForDeploymentPostprocessing = 0;
		};
		904A8512182971370065C691 /* Sources */ = {
			isa = PBXSourcesBuildPhase;
			buildActionMask = 2147483647;
			files = (
				904A8524182971370065C691 /* MatchismoTests.m in Sources */,
			);
			runOnlyForDeploymentPostprocessing = 0;
		};
/* End PBXSourcesBuildPhase section */

/* Begin PBXTargetDependency section */
		904A851C182971370065C691 /* PBXTargetDependency */ = {
			isa = PBXTargetDependency;
			target = 904A84F4182971370065C691 /* Matchismo */;
			targetProxy = 904A851B182971370065C691 /* PBXContainerItemProxy */;
		};
/* End PBXTargetDependency section */

/* Begin PBXVariantGroup section */
		904A8501182971370065C691 /* InfoPlist.strings */ = {
			isa = PBXVariantGroup;
			children = (
				904A8502182971370065C691 /* en */,
			);
			name = InfoPlist.strings;
			sourceTree = "<group>";
		};
		904A850A182971370065C691 /* Main.storyboard */ = {
			isa = PBXVariantGroup;
			children = (
				904A850B182971370065C691 /* Base */,
			);
			name = Main.storyboard;
			sourceTree = "<group>";
		};
		904A8520182971370065C691 /* InfoPlist.strings */ = {
			isa = PBXVariantGroup;
			children = (
				904A8521182971370065C691 /* en */,
			);
			name = InfoPlist.strings;
			sourceTree = "<group>";
		};
/* End PBXVariantGroup section */

/* Begin XCBuildConfiguration section */
		904A8525182971370065C691 /* Debug */ = {
			isa = XCBuildConfiguration;
			buildSettings = {
				ALWAYS_SEARCH_USER_PATHS = NO;
				ARCHS = "$(ARCHS_STANDARD_INCLUDING_64_BIT)";
				CLANG_CXX_LANGUAGE_STANDARD = "gnu++0x";
				CLANG_CXX_LIBRARY = "libc++";
				CLANG_ENABLE_MODULES = YES;
				CLANG_ENABLE_OBJC_ARC = YES;
				CLANG_WARN_BOOL_CONVERSION = YES;
				CLANG_WARN_CONSTANT_CONVERSION = YES;
				CLANG_WARN_DIRECT_OBJC_ISA_USAGE = YES_ERROR;
				CLANG_WARN_EMPTY_BODY = YES;
				CLANG_WARN_ENUM_CONVERSION = YES;
				CLANG_WARN_INT_CONVERSION = YES;
				CLANG_WARN_OBJC_ROOT_CLASS = YES_ERROR;
				CLANG_WARN__DUPLICATE_METHOD_MATCH = YES;
				"CODE_SIGN_IDENTITY[sdk=iphoneos*]" = "iPhone Developer";
				COPY_PHASE_STRIP = NO;
				GCC_C_LANGUAGE_STANDARD = gnu99;
				GCC_DYNAMIC_NO_PIC = NO;
				GCC_OPTIMIZATION_LEVEL = 0;
				GCC_PREPROCESSOR_DEFINITIONS = (
					"DEBUG=1",
					"$(inherited)",
				);
				GCC_SYMBOLS_PRIVATE_EXTERN = NO;
				GCC_WARN_64_TO_32_BIT_CONVERSION = YES;
				GCC_WARN_ABOUT_RETURN_TYPE = YES_ERROR;
				GCC_WARN_UNDECLARED_SELECTOR = YES;
				GCC_WARN_UNINITIALIZED_AUTOS = YES;
				GCC_WARN_UNUSED_FUNCTION = YES;
				GCC_WARN_UNUSED_VARIABLE = YES;
				IPHONEOS_DEPLOYMENT_TARGET = 7.0;
				ONLY_ACTIVE_ARCH = YES;
				SDKROOT = iphoneos;
			};
			name = Debug;
		};
		904A8526182971370065C691 /* Release */ = {
			isa = XCBuildConfiguration;
			buildSettings = {
				ALWAYS_SEARCH_USER_PATHS = NO;
				ARCHS = "$(ARCHS_STANDARD_INCLUDING_64_BIT)";
				CLANG_CXX_LANGUAGE_STANDARD = "gnu++0x";
				CLANG_CXX_LIBRARY = "libc++";
				CLANG_ENABLE_MODULES = YES;
				CLANG_ENABLE_OBJC_ARC = YES;
				CLANG_WARN_BOOL_CONVERSION = YES;
				CLANG_WARN_CONSTANT_CONVERSION = YES;
				CLANG_WARN_DIRECT_OBJC_ISA_USAGE = YES_ERROR;
				CLANG_WARN_EMPTY_BODY = YES;
				CLANG_WARN_ENUM_CONVERSION = YES;
				CLANG_WARN_INT_CONVERSION = YES;
				CLANG_WARN_OBJC_ROOT_CLASS = YES_ERROR;
				CLANG_WARN__DUPLICATE_METHOD_MATCH = YES;
				"CODE_SIGN_IDENTITY[sdk=iphoneos*]" = "iPhone Developer";
				COPY_PHASE_STRIP = YES;
				ENABLE_NS_ASSERTIONS = NO;
				GCC_C_LANGUAGE_STANDARD = gnu99;
				GCC_WARN_64_TO_32_BIT_CONVERSION = YES;
				GCC_WARN_ABOUT_RETURN_TYPE = YES_ERROR;
				GCC_WARN_UNDECLARED_SELECTOR = YES;
				GCC_WARN_UNINITIALIZED_AUTOS = YES;
				GCC_WARN_UNUSED_FUNCTION = YES;
				GCC_WARN_UNUSED_VARIABLE = YES;
				IPHONEOS_DEPLOYMENT_TARGET = 7.0;
				SDKROOT = iphoneos;
				VALIDATE_PRODUCT = YES;
			};
			name = Release;
		};
		904A8528182971370065C691 /* Debug */ = {
			isa = XCBuildConfiguration;
			buildSettings = {
				ASSETCATALOG_COMPILER_APPICON_NAME = AppIcon;
				ASSETCATALOG_COMPILER_LAUNCHIMAGE_NAME = LaunchImage;
				GCC_PRECOMPILE_PREFIX_HEADER = YES;
				GCC_PREFIX_HEADER = "Matchismo/Matchismo-Prefix.pch";
				INFOPLIST_FILE = "Matchismo/Matchismo-Info.plist";
				PRODUCT_NAME = "$(TARGET_NAME)";
				WRAPPER_EXTENSION = app;
			};
			name = Debug;
		};
		904A8529182971370065C691 /* Release */ = {
			isa = XCBuildConfiguration;
			buildSettings = {
				ASSETCATALOG_COMPILER_APPICON_NAME = AppIcon;
				ASSETCATALOG_COMPILER_LAUNCHIMAGE_NAME = LaunchImage;
				GCC_PRECOMPILE_PREFIX_HEADER = YES;
				GCC_PREFIX_HEADER = "Matchismo/Matchismo-Prefix.pch";
				INFOPLIST_FILE = "Matchismo/Matchismo-Info.plist";
				PRODUCT_NAME = "$(TARGET_NAME)";
				WRAPPER_EXTENSION = app;
			};
			name = Release;
		};
		904A852B182971370065C691 /* Debug */ = {
			isa = XCBuildConfiguration;
			buildSettings = {
				ARCHS = "$(ARCHS_STANDARD_INCLUDING_64_BIT)";
				BUNDLE_LOADER = "$(BUILT_PRODUCTS_DIR)/Matchismo.app/Matchismo";
				FRAMEWORK_SEARCH_PATHS = (
					"$(SDKROOT)/Developer/Library/Frameworks",
					"$(inherited)",
					"$(DEVELOPER_FRAMEWORKS_DIR)",
				);
				GCC_PRECOMPILE_PREFIX_HEADER = YES;
				GCC_PREFIX_HEADER = "Matchismo/Matchismo-Prefix.pch";
				GCC_PREPROCESSOR_DEFINITIONS = (
					"DEBUG=1",
					"$(inherited)",
				);
				INFOPLIST_FILE = "MatchismoTests/MatchismoTests-Info.plist";
				PRODUCT_NAME = "$(TARGET_NAME)";
				TEST_HOST = "$(BUNDLE_LOADER)";
				WRAPPER_EXTENSION = xctest;
			};
			name = Debug;
		};
		904A852C182971370065C691 /* Release */ = {
			isa = XCBuildConfiguration;
			buildSettings = {
				ARCHS = "$(ARCHS_STANDARD_INCLUDING_64_BIT)";
				BUNDLE_LOADER = "$(BUILT_PRODUCTS_DIR)/Matchismo.app/Matchismo";
				FRAMEWORK_SEARCH_PATHS = (
					"$(SDKROOT)/Developer/Library/Frameworks",
					"$(inherited)",
					"$(DEVELOPER_FRAMEWORKS_DIR)",
				);
				GCC_PRECOMPILE_PREFIX_HEADER = YES;
				GCC_PREFIX_HEADER = "Matchismo/Matchismo-Prefix.pch";
				INFOPLIST_FILE = "MatchismoTests/MatchismoTests-Info.plist";
				PRODUCT_NAME = "$(TARGET_NAME)";
				TEST_HOST = "$(BUNDLE_LOADER)";
				WRAPPER_EXTENSION = xctest;
			};
			name = Release;
		};
/* End XCBuildConfiguration section */

/* Begin XCConfigurationList section */
		904A84F0182971370065C691 /* Build configuration list for PBXProject "Matchismo" */ = {
			isa = XCConfigurationList;
			buildConfigurations = (
				904A8525182971370065C691 /* Debug */,
				904A8526182971370065C691 /* Release */,
			);
			defaultConfigurationIsVisible = 0;
			defaultConfigurationName = Release;
		};
		904A8527182971370065C691 /* Build configuration list for PBXNativeTarget "Matchismo" */ = {
			isa = XCConfigurationList;
			buildConfigurations = (
				904A8528182971370065C691 /* Debug */,
				904A8529182971370065C691 /* Release */,
			);
			defaultConfigurationIsVisible = 0;
			defaultConfigurationName = Release;
		};
		904A852A182971370065C691 /* Build configuration list for PBXNativeTarget "MatchismoTests" */ = {
			isa = XCConfigurationList;
			buildConfigurations = (
				904A852B182971370065C691 /* Debug */,
				904A852C182971370065C691 /* Release */,
			);
			defaultConfigurationIsVisible = 0;
			defaultConfigurationName = Release;
		};
/* End XCConfigurationList section */
	};
	rootObject = 904A84ED182971370065C691 /* Project object */;
}
